
Microsoft Visual Studio Solution File, Format Version 11.00
# Visual Studio 2010
Project("{FAE04EC0-301F-11D3-BF4B-00C04F79EFBC}") = "ASP.NET MVC NUnit", "ASP.NET MVC NUnit\ASP.NET MVC NUnit.csproj", "{3CE7E7A4-C4CD-49F6-9E18-FD42AD108AF5}"
EndProject
Project("{FAE04EC0-301F-11D3-BF4B-00C04F79EFBC}") = "ASP.NET.MVC.NUnit.ProjectTemplate.v3.cs", "ASP.NET.MVC.NUnit.ProjectTemplate.v3.cs\ASP.NET.MVC.NUnit.ProjectTemplate.v3.cs.csproj", "{4225B196-885D-4B5E-9BEA-CF6DCCC98FF9}"
EndProject
Project("{FAE04EC0-301F-11D3-BF4B-00C04F79EFBC}") = "ASP.NET.MVC.NUnit.ItemTemplate", "ASP.NET.MVC.NUnit.ItemTemplate\ASP.NET.MVC.NUnit.ItemTemplate.csproj", "{629D0739-8D0A-42AA-BDB7-47818379FBBF}"
EndProject
Project("{FAE04EC0-301F-11D3-BF4B-00C04F79EFBC}") = "ASP.NET.MVC.NUnit.ProjectTemplate.v4.cs", "ASP.NET.MVC.NUnit.ProjectTemplate.v4.cs\ASP.NET.MVC.NUnit.ProjectTemplate.v4.cs.csproj", "{4B4F7642-8B60-4066-8FE7-9173324A8D18}"
EndProject
Project("{FAE04EC0-301F-11D3-BF4B-00C04F79EFBC}") = "ASP.NET.MVC.NUnit.ProjectTemplate.v3.vb", "ASP.NET.MVC.NUnit.ProjectTemplate.v3.vb\ASP.NET.MVC.NUnit.ProjectTemplate.v3.vb.csproj", "{F4895CBD-8DB7-452B-982F-CEA3F2EEE9DD}"
EndProject
Project("{FAE04EC0-301F-11D3-BF4B-00C04F79EFBC}") = "ASP.NET.MVC.NUnit.ProjectTemplate.v4.vb", "ASP.NET.MVC.NUnit.ProjectTemplate.v4.vb\ASP.NET.MVC.NUnit.ProjectTemplate.v4.vb.csproj", "{FDFEBAC3-D757-4F93-B7F4-3E2BC005DFB2}"
EndProject
Project("{2150E333-8FDC-42A3-9474-1A3956D46DE8}") = "CSharp", "CSharp", "{068932BB-FB27-4BCC-BB64-27BEF170FABB}"
EndProject
Project("{2150E333-8FDC-42A3-9474-1A3956D46DE8}") = "VB", "VB", "{AAF66E0F-A7A4-4C02-966D-040E7D4B1473}"
EndProject
Project("{2150E333-8FDC-42A3-9474-1A3956D46DE8}") = "ProjectTemplates", "ProjectTemplates", "{B8553F81-E21D-4F99-9148-E68A0DADB6F3}"
EndProject
Project("{2150E333-8FDC-42A3-9474-1A3956D46DE8}") = "ItemTemplates", "ItemTemplates", "{BB72B622-D96A-4880-9647-E7677D00C540}"
EndProject
Global
	GlobalSection(SolutionConfigurationPlatforms) = preSolution
		Debug|Any CPU = Debug|Any CPU
		Release|Any CPU = Release|Any CPU
	EndGlobalSection
	GlobalSection(ProjectConfigurationPlatforms) = postSolution
		{3CE7E7A4-C4CD-49F6-9E18-FD42AD108AF5}.Debug|Any CPU.ActiveCfg = Debug|Any CPU
		{3CE7E7A4-C4CD-49F6-9E18-FD42AD108AF5}.Debug|Any CPU.Build.0 = Debug|Any CPU
		{3CE7E7A4-C4CD-49F6-9E18-FD42AD108AF5}.Release|Any CPU.ActiveCfg = Release|Any CPU
		{3CE7E7A4-C4CD-49F6-9E18-FD42AD108AF5}.Release|Any CPU.Build.0 = Release|Any CPU
		{4225B196-885D-4B5E-9BEA-CF6DCCC98FF9}.Debug|Any CPU.ActiveCfg = Debug|Any CPU
		{4225B196-885D-4B5E-9BEA-CF6DCCC98FF9}.Debug|Any CPU.Build.0 = Debug|Any CPU
		{4225B196-885D-4B5E-9BEA-CF6DCCC98FF9}.Release|Any CPU.ActiveCfg = Release|Any CPU
		{4225B196-885D-4B5E-9BEA-CF6DCCC98FF9}.Release|Any CPU.Build.0 = Release|Any CPU
		{629D0739-8D0A-42AA-BDB7-47818379FBBF}.Debug|Any CPU.ActiveCfg = Debug|Any CPU
		{629D0739-8D0A-42AA-BDB7-47818379FBBF}.Debug|Any CPU.Build.0 = Debug|Any CPU
		{629D0739-8D0A-42AA-BDB7-47818379FBBF}.Release|Any CPU.ActiveCfg = Release|Any CPU
		{629D0739-8D0A-42AA-BDB7-47818379FBBF}.Release|Any CPU.Build.0 = Release|Any CPU
		{4B4F7642-8B60-4066-8FE7-9173324A8D18}.Debug|Any CPU.ActiveCfg = Debug|Any CPU
		{4B4F7642-8B60-4066-8FE7-9173324A8D18}.Debug|Any CPU.Build.0 = Debug|Any CPU
		{4B4F7642-8B60-4066-8FE7-9173324A8D18}.Release|Any CPU.ActiveCfg = Release|Any CPU
		{4B4F7642-8B60-4066-8FE7-9173324A8D18}.Release|Any CPU.Build.0 = Release|Any CPU
		{F4895CBD-8DB7-452B-982F-CEA3F2EEE9DD}.Debug|Any CPU.ActiveCfg = Debug|Any CPU
		{F4895CBD-8DB7-452B-982F-CEA3F2EEE9DD}.Debug|Any CPU.Build.0 = Debug|Any CPU
		{F4895CBD-8DB7-452B-982F-CEA3F2EEE9DD}.Release|Any CPU.ActiveCfg = Release|Any CPU
		{F4895CBD-8DB7-452B-982F-CEA3F2EEE9DD}.Release|Any CPU.Build.0 = Release|Any CPU
		{FDFEBAC3-D757-4F93-B7F4-3E2BC005DFB2}.Debug|Any CPU.ActiveCfg = Debug|Any CPU
		{FDFEBAC3-D757-4F93-B7F4-3E2BC005DFB2}.Debug|Any CPU.Build.0 = Debug|Any CPU
		{FDFEBAC3-D757-4F93-B7F4-3E2BC005DFB2}.Release|Any CPU.ActiveCfg = Release|Any CPU
		{FDFEBAC3-D757-4F93-B7F4-3E2BC005DFB2}.Release|Any CPU.Build.0 = Release|Any CPU
	EndGlobalSection
	GlobalSection(SolutionProperties) = preSolution
		HideSolutionNode = FALSE
	EndGlobalSection
	GlobalSection(NestedProjects) = preSolution
		{4225B196-885D-4B5E-9BEA-CF6DCCC98FF9} = {068932BB-FB27-4BCC-BB64-27BEF170FABB}
		{4B4F7642-8B60-4066-8FE7-9173324A8D18} = {068932BB-FB27-4BCC-BB64-27BEF170FABB}
		{F4895CBD-8DB7-452B-982F-CEA3F2EEE9DD} = {AAF66E0F-A7A4-4C02-966D-040E7D4B1473}
		{FDFEBAC3-D757-4F93-B7F4-3E2BC005DFB2} = {AAF66E0F-A7A4-4C02-966D-040E7D4B1473}
		{068932BB-FB27-4BCC-BB64-27BEF170FABB} = {B8553F81-E21D-4F99-9148-E68A0DADB6F3}
		{AAF66E0F-A7A4-4C02-966D-040E7D4B1473} = {B8553F81-E21D-4F99-9148-E68A0DADB6F3}
		{629D0739-8D0A-42AA-BDB7-47818379FBBF} = {BB72B622-D96A-4880-9647-E7677D00C540}
	EndGlobalSection
EndGlobal
